// !$*UTF8*$!
{
	archiveVersion = 1;
	classes = {
	};
	objectVersion = 56;
	objects = {

/* Begin PBXBuildFile section */
		F57B7C75291474FC00FAE8C1 /* AllDoneApp.swift in Sources */ = {isa = PBXBuildFile; fileRef = F57B7C74291474FC00FAE8C1 /* AllDoneApp.swift */; };
		F57B7C77291474FC00FAE8C1 /* ContentView.swift in Sources */ = {isa = PBXBuildFile; fileRef = F57B7C76291474FC00FAE8C1 /* ContentView.swift */; };
		F57B7C79291474FD00FAE8C1 /* Assets.xcassets in Resources */ = {isa = PBXBuildFile; fileRef = F57B7C78291474FD00FAE8C1 /* Assets.xcassets */; };
		F57B7C7C291474FD00FAE8C1 /* Preview Assets.xcassets in Resources */ = {isa = PBXBuildFile; fileRef = F57B7C7B291474FD00FAE8C1 /* Preview Assets.xcassets */; };
		F57B7C862914B77000FAE8C1 /* LoginView.swift in Sources */ = {isa = PBXBuildFile; fileRef = F57B7C852914B77000FAE8C1 /* LoginView.swift */; };
		F57B7C8A2914B80400FAE8C1 /* SignUpView.swift in Sources */ = {isa = PBXBuildFile; fileRef = F57B7C892914B80400FAE8C1 /* SignUpView.swift */; };
		F57B7C8C2914B87600FAE8C1 /* BackgroundGradientView.swift in Sources */ = {isa = PBXBuildFile; fileRef = F57B7C8B2914B87600FAE8C1 /* BackgroundGradientView.swift */; };
		F57B7C8E2914BB8800FAE8C1 /* LogoView.swift in Sources */ = {isa = PBXBuildFile; fileRef = F57B7C8D2914BB8800FAE8C1 /* LogoView.swift */; };
		F57B7C902914C52C00FAE8C1 /* CustomTextField.swift in Sources */ = {isa = PBXBuildFile; fileRef = F57B7C8F2914C52C00FAE8C1 /* CustomTextField.swift */; };
		F57B7C932914C81A00FAE8C1 /* EmailTextField.swift in Sources */ = {isa = PBXBuildFile; fileRef = F57B7C922914C81A00FAE8C1 /* EmailTextField.swift */; };
		F57B7C95291563B600FAE8C1 /* CustomSecureField.swift in Sources */ = {isa = PBXBuildFile; fileRef = F57B7C94291563B600FAE8C1 /* CustomSecureField.swift */; };
		F57B7C972915651B00FAE8C1 /* PasswordSecureField.swift in Sources */ = {isa = PBXBuildFile; fileRef = F57B7C962915651B00FAE8C1 /* PasswordSecureField.swift */; };
		F57B7C9929156BB400FAE8C1 /* AuthenticateButtonView.swift in Sources */ = {isa = PBXBuildFile; fileRef = F57B7C9829156BB400FAE8C1 /* AuthenticateButtonView.swift */; };
		F57B7C9B291571BC00FAE8C1 /* UserTextField.swift in Sources */ = {isa = PBXBuildFile; fileRef = F57B7C9A291571BC00FAE8C1 /* UserTextField.swift */; };
/* End PBXBuildFile section */

/* Begin PBXFileReference section */
		F57B7C71291474FC00FAE8C1 /* AllDone.app */ = {isa = PBXFileReference; explicitFileType = wrapper.application; includeInIndex = 0; path = AllDone.app; sourceTree = BUILT_PRODUCTS_DIR; };
		F57B7C74291474FC00FAE8C1 /* AllDoneApp.swift */ = {isa = PBXFileReference; lastKnownFileType = sourcecode.swift; path = AllDoneApp.swift; sourceTree = "<group>"; };
		F57B7C76291474FC00FAE8C1 /* ContentView.swift */ = {isa = PBXFileReference; lastKnownFileType = sourcecode.swift; path = ContentView.swift; sourceTree = "<group>"; };
		F57B7C78291474FD00FAE8C1 /* Assets.xcassets */ = {isa = PBXFileReference; lastKnownFileType = folder.assetcatalog; path = Assets.xcassets; sourceTree = "<group>"; };
		F57B7C7B291474FD00FAE8C1 /* Preview Assets.xcassets */ = {isa = PBXFileReference; lastKnownFileType = folder.assetcatalog; path = "Preview Assets.xcassets"; sourceTree = "<group>"; };
		F57B7C852914B77000FAE8C1 /* LoginView.swift */ = {isa = PBXFileReference; lastKnownFileType = sourcecode.swift; path = LoginView.swift; sourceTree = "<group>"; };
		F57B7C892914B80400FAE8C1 /* SignUpView.swift */ = {isa = PBXFileReference; lastKnownFileType = sourcecode.swift; path = SignUpView.swift; sourceTree = "<group>"; };
		F57B7C8B2914B87600FAE8C1 /* BackgroundGradientView.swift */ = {isa = PBXFileReference; lastKnownFileType = sourcecode.swift; path = BackgroundGradientView.swift; sourceTree = "<group>"; };
		F57B7C8D2914BB8800FAE8C1 /* LogoView.swift */ = {isa = PBXFileReference; lastKnownFileType = sourcecode.swift; path = LogoView.swift; sourceTree = "<group>"; };
		F57B7C8F2914C52C00FAE8C1 /* CustomTextField.swift */ = {isa = PBXFileReference; lastKnownFileType = sourcecode.swift; path = CustomTextField.swift; sourceTree = "<group>"; };
		F57B7C922914C81A00FAE8C1 /* EmailTextField.swift */ = {isa = PBXFileReference; lastKnownFileType = sourcecode.swift; path = EmailTextField.swift; sourceTree = "<group>"; };
		F57B7C94291563B600FAE8C1 /* CustomSecureField.swift */ = {isa = PBXFileReference; lastKnownFileType = sourcecode.swift; path = CustomSecureField.swift; sourceTree = "<group>"; };
		F57B7C962915651B00FAE8C1 /* PasswordSecureField.swift */ = {isa = PBXFileReference; lastKnownFileType = sourcecode.swift; path = PasswordSecureField.swift; sourceTree = "<group>"; };
		F57B7C9829156BB400FAE8C1 /* AuthenticateButtonView.swift */ = {isa = PBXFileReference; lastKnownFileType = sourcecode.swift; path = AuthenticateButtonView.swift; sourceTree = "<group>"; };
		F57B7C9A291571BC00FAE8C1 /* UserTextField.swift */ = {isa = PBXFileReference; lastKnownFileType = sourcecode.swift; path = UserTextField.swift; sourceTree = "<group>"; };
/* End PBXFileReference section */

/* Begin PBXFrameworksBuildPhase section */
		F57B7C6E291474FC00FAE8C1 /* Frameworks */ = {
			isa = PBXFrameworksBuildPhase;
			buildActionMask = 2147483647;
			files = (
			);
			runOnlyForDeploymentPostprocessing = 0;
		};
/* End PBXFrameworksBuildPhase section */

/* Begin PBXGroup section */
		F57B7C68291474FC00FAE8C1 = {
			isa = PBXGroup;
			children = (
				F57B7C73291474FC00FAE8C1 /* AllDone */,
				F57B7C72291474FC00FAE8C1 /* Products */,
			);
			sourceTree = "<group>";
		};
		F57B7C72291474FC00FAE8C1 /* Products */ = {
			isa = PBXGroup;
			children = (
				F57B7C71291474FC00FAE8C1 /* AllDone.app */,
			);
			name = Products;
			sourceTree = "<group>";
		};
		F57B7C73291474FC00FAE8C1 /* AllDone */ = {
			isa = PBXGroup;
			children = (
				F57B7C832914B70100FAE8C1 /* Models */,
				F57B7C822914B6F700FAE8C1 /* Views */,
				F57B7C842914B70900FAE8C1 /* ViewModels */,
				F57B7C74291474FC00FAE8C1 /* AllDoneApp.swift */,
				F57B7C76291474FC00FAE8C1 /* ContentView.swift */,
				F57B7C78291474FD00FAE8C1 /* Assets.xcassets */,
				F57B7C7A291474FD00FAE8C1 /* Preview Content */,
			);
			path = AllDone;
			sourceTree = "<group>";
		};
		F57B7C7A291474FD00FAE8C1 /* Preview Content */ = {
			isa = PBXGroup;
			children = (
				F57B7C7B291474FD00FAE8C1 /* Preview Assets.xcassets */,
			);
			path = "Preview Content";
			sourceTree = "<group>";
		};
		F57B7C822914B6F700FAE8C1 /* Views */ = {
			isa = PBXGroup;
			children = (
				F57B7C882914B7E000FAE8C1 /* Utils */,
				F57B7C872914B7CD00FAE8C1 /* Authentication */,
			);
			path = Views;
			sourceTree = "<group>";
		};
		F57B7C832914B70100FAE8C1 /* Models */ = {
			isa = PBXGroup;
			children = (
			);
			path = Models;
			sourceTree = "<group>";
		};
		F57B7C842914B70900FAE8C1 /* ViewModels */ = {
			isa = PBXGroup;
			children = (
			);
			path = ViewModels;
			sourceTree = "<group>";
		};
		F57B7C872914B7CD00FAE8C1 /* Authentication */ = {
			isa = PBXGroup;
			children = (
				F57B7C852914B77000FAE8C1 /* LoginView.swift */,
				F57B7C9829156BB400FAE8C1 /* AuthenticateButtonView.swift */,
				F57B7C892914B80400FAE8C1 /* SignUpView.swift */,
			);
			path = Authentication;
			sourceTree = "<group>";
		};
		F57B7C882914B7E000FAE8C1 /* Utils */ = {
			isa = PBXGroup;
			children = (
				F57B7C912914C7EE00FAE8C1 /* TextFields */,
				F57B7C8B2914B87600FAE8C1 /* BackgroundGradientView.swift */,
				F57B7C8D2914BB8800FAE8C1 /* LogoView.swift */,
			);
			path = Utils;
			sourceTree = "<group>";
		};
		F57B7C912914C7EE00FAE8C1 /* TextFields */ = {
			isa = PBXGroup;
			children = (
				F57B7C8F2914C52C00FAE8C1 /* CustomTextField.swift */,
				F57B7C94291563B600FAE8C1 /* CustomSecureField.swift */,
				F57B7C922914C81A00FAE8C1 /* EmailTextField.swift */,
				F57B7C962915651B00FAE8C1 /* PasswordSecureField.swift */,
				F57B7C9A291571BC00FAE8C1 /* UserTextField.swift */,
			);
			path = TextFields;
			sourceTree = "<group>";
		};
/* End PBXGroup section */

/* Begin PBXNativeTarget section */
		F57B7C70291474FC00FAE8C1 /* AllDone */ = {
			isa = PBXNativeTarget;
			buildConfigurationList = F57B7C7F291474FD00FAE8C1 /* Build configuration list for PBXNativeTarget "AllDone" */;
			buildPhases = (
				F57B7C6D291474FC00FAE8C1 /* Sources */,
				F57B7C6E291474FC00FAE8C1 /* Frameworks */,
				F57B7C6F291474FC00FAE8C1 /* Resources */,
			);
			buildRules = (
			);
			dependencies = (
			);
			name = AllDone;
			productName = AllDone;
			productReference = F57B7C71291474FC00FAE8C1 /* AllDone.app */;
			productType = "com.apple.product-type.application";
		};
/* End PBXNativeTarget section */

/* Begin PBXProject section */
		F57B7C69291474FC00FAE8C1 /* Project object */ = {
			isa = PBXProject;
			attributes = {
				BuildIndependentTargetsInParallel = 1;
				LastSwiftUpdateCheck = 1410;
				LastUpgradeCheck = 1410;
				TargetAttributes = {
					F57B7C70291474FC00FAE8C1 = {
						CreatedOnToolsVersion = 14.1;
					};
				};
			};
			buildConfigurationList = F57B7C6C291474FC00FAE8C1 /* Build configuration list for PBXProject "AllDone" */;
			compatibilityVersion = "Xcode 14.0";
			developmentRegion = en;
			hasScannedForEncodings = 0;
			knownRegions = (
				en,
				Base,
			);
			mainGroup = F57B7C68291474FC00FAE8C1;
			productRefGroup = F57B7C72291474FC00FAE8C1 /* Products */;
			projectDirPath = "";
			projectRoot = "";
			targets = (
				F57B7C70291474FC00FAE8C1 /* AllDone */,
			);
		};
/* End PBXProject section */

/* Begin PBXResourcesBuildPhase section */
		F57B7C6F291474FC00FAE8C1 /* Resources */ = {
			isa = PBXResourcesBuildPhase;
			buildActionMask = 2147483647;
			files = (
				F57B7C7C291474FD00FAE8C1 /* Preview Assets.xcassets in Resources */,
				F57B7C79291474FD00FAE8C1 /* Assets.xcassets in Resources */,
			);
			runOnlyForDeploymentPostprocessing = 0;
		};
/* End PBXResourcesBuildPhase section */

/* Begin PBXSourcesBuildPhase section */
		F57B7C6D291474FC00FAE8C1 /* Sources */ = {
			isa = PBXSourcesBuildPhase;
			buildActionMask = 2147483647;
			files = (
				F57B7C932914C81A00FAE8C1 /* EmailTextField.swift in Sources */,
				F57B7C902914C52C00FAE8C1 /* CustomTextField.swift in Sources */,
				F57B7C9B291571BC00FAE8C1 /* UserTextField.swift in Sources */,
				F57B7C8A2914B80400FAE8C1 /* SignUpView.swift in Sources */,
				F57B7C8E2914BB8800FAE8C1 /* LogoView.swift in Sources */,
				F57B7C972915651B00FAE8C1 /* PasswordSecureField.swift in Sources */,
				F57B7C862914B77000FAE8C1 /* LoginView.swift in Sources */,
				F57B7C9929156BB400FAE8C1 /* AuthenticateButtonView.swift in Sources */,
				F57B7C77291474FC00FAE8C1 /* ContentView.swift in Sources */,
				F57B7C8C2914B87600FAE8C1 /* BackgroundGradientView.swift in Sources */,
				F57B7C95291563B600FAE8C1 /* CustomSecureField.swift in Sources */,
				F57B7C75291474FC00FAE8C1 /* AllDoneApp.swift in Sources */,
			);
			runOnlyForDeploymentPostprocessing = 0;
		};
/* End PBXSourcesBuildPhase section */

/* Begin XCBuildConfiguration section */
		F57B7C7D291474FD00FAE8C1 /* Debug */ = {
			isa = XCBuildConfiguration;
			buildSettings = {
				ALWAYS_SEARCH_USER_PATHS = NO;
				CLANG_ANALYZER_NONNULL = YES;
				CLANG_ANALYZER_NUMBER_OBJECT_CONVERSION = YES_AGGRESSIVE;
				CLANG_CXX_LANGUAGE_STANDARD = "gnu++20";
				CLANG_ENABLE_MODULES = YES;
				CLANG_ENABLE_OBJC_ARC = YES;
				CLANG_ENABLE_OBJC_WEAK = YES;
				CLANG_WARN_BLOCK_CAPTURE_AUTORELEASING = YES;
				CLANG_WARN_BOOL_CONVERSION = YES;
				CLANG_WARN_COMMA = YES;
				CLANG_WARN_CONSTANT_CONVERSION = YES;
				CLANG_WARN_DEPRECATED_OBJC_IMPLEMENTATIONS = YES;
				CLANG_WARN_DIRECT_OBJC_ISA_USAGE = YES_ERROR;
				CLANG_WARN_DOCUMENTATION_COMMENTS = YES;
				CLANG_WARN_EMPTY_BODY = YES;
				CLANG_WARN_ENUM_CONVERSION = YES;
				CLANG_WARN_INFINITE_RECURSION = YES;
				CLANG_WARN_INT_CONVERSION = YES;
				CLANG_WARN_NON_LITERAL_NULL_CONVERSION = YES;
				CLANG_WARN_OBJC_IMPLICIT_RETAIN_SELF = YES;
				CLANG_WARN_OBJC_LITERAL_CONVERSION = YES;
				CLANG_WARN_OBJC_ROOT_CLASS = YES_ERROR;
				CLANG_WARN_QUOTED_INCLUDE_IN_FRAMEWORK_HEADER = YES;
				CLANG_WARN_RANGE_LOOP_ANALYSIS = YES;
				CLANG_WARN_STRICT_PROTOTYPES = YES;
				CLANG_WARN_SUSPICIOUS_MOVE = YES;
				CLANG_WARN_UNGUARDED_AVAILABILITY = YES_AGGRESSIVE;
				CLANG_WARN_UNREACHABLE_CODE = YES;
				CLANG_WARN__DUPLICATE_METHOD_MATCH = YES;
				COPY_PHASE_STRIP = NO;
				DEBUG_INFORMATION_FORMAT = dwarf;
				ENABLE_STRICT_OBJC_MSGSEND = YES;
				ENABLE_TESTABILITY = YES;
				GCC_C_LANGUAGE_STANDARD = gnu11;
				GCC_DYNAMIC_NO_PIC = NO;
				GCC_NO_COMMON_BLOCKS = YES;
				GCC_OPTIMIZATION_LEVEL = 0;
				GCC_PREPROCESSOR_DEFINITIONS = (
					"DEBUG=1",
					"$(inherited)",
				);
				GCC_WARN_64_TO_32_BIT_CONVERSION = YES;
				GCC_WARN_ABOUT_RETURN_TYPE = YES_ERROR;
				GCC_WARN_UNDECLARED_SELECTOR = YES;
				GCC_WARN_UNINITIALIZED_AUTOS = YES_AGGRESSIVE;
				GCC_WARN_UNUSED_FUNCTION = YES;
				GCC_WARN_UNUSED_VARIABLE = YES;
				IPHONEOS_DEPLOYMENT_TARGET = 16.1;
				MTL_ENABLE_DEBUG_INFO = INCLUDE_SOURCE;
				MTL_FAST_MATH = YES;
				ONLY_ACTIVE_ARCH = YES;
				SDKROOT = iphoneos;
				SWIFT_ACTIVE_COMPILATION_CONDITIONS = DEBUG;
				SWIFT_OPTIMIZATION_LEVEL = "-Onone";
			};
			name = Debug;
		};
		F57B7C7E291474FD00FAE8C1 /* Release */ = {
			isa = XCBuildConfiguration;
			buildSettings = {
				ALWAYS_SEARCH_USER_PATHS = NO;
				CLANG_ANALYZER_NONNULL = YES;
				CLANG_ANALYZER_NUMBER_OBJECT_CONVERSION = YES_AGGRESSIVE;
				CLANG_CXX_LANGUAGE_STANDARD = "gnu++20";
				CLANG_ENABLE_MODULES = YES;
				CLANG_ENABLE_OBJC_ARC = YES;
				CLANG_ENABLE_OBJC_WEAK = YES;
				CLANG_WARN_BLOCK_CAPTURE_AUTORELEASING = YES;
				CLANG_WARN_BOOL_CONVERSION = YES;
				CLANG_WARN_COMMA = YES;
				CLANG_WARN_CONSTANT_CONVERSION = YES;
				CLANG_WARN_DEPRECATED_OBJC_IMPLEMENTATIONS = YES;
				CLANG_WARN_DIRECT_OBJC_ISA_USAGE = YES_ERROR;
				CLANG_WARN_DOCUMENTATION_COMMENTS = YES;
				CLANG_WARN_EMPTY_BODY = YES;
				CLANG_WARN_ENUM_CONVERSION = YES;
				CLANG_WARN_INFINITE_RECURSION = YES;
				CLANG_WARN_INT_CONVERSION = YES;
				CLANG_WARN_NON_LITERAL_NULL_CONVERSION = YES;
				CLANG_WARN_OBJC_IMPLICIT_RETAIN_SELF = YES;
				CLANG_WARN_OBJC_LITERAL_CONVERSION = YES;
				CLANG_WARN_OBJC_ROOT_CLASS = YES_ERROR;
				CLANG_WARN_QUOTED_INCLUDE_IN_FRAMEWORK_HEADER = YES;
				CLANG_WARN_RANGE_LOOP_ANALYSIS = YES;
				CLANG_WARN_STRICT_PROTOTYPES = YES;
				CLANG_WARN_SUSPICIOUS_MOVE = YES;
				CLANG_WARN_UNGUARDED_AVAILABILITY = YES_AGGRESSIVE;
				CLANG_WARN_UNREACHABLE_CODE = YES;
				CLANG_WARN__DUPLICATE_METHOD_MATCH = YES;
				COPY_PHASE_STRIP = NO;
				DEBUG_INFORMATION_FORMAT = "dwarf-with-dsym";
				ENABLE_NS_ASSERTIONS = NO;
				ENABLE_STRICT_OBJC_MSGSEND = YES;
				GCC_C_LANGUAGE_STANDARD = gnu11;
				GCC_NO_COMMON_BLOCKS = YES;
				GCC_WARN_64_TO_32_BIT_CONVERSION = YES;
				GCC_WARN_ABOUT_RETURN_TYPE = YES_ERROR;
				GCC_WARN_UNDECLARED_SELECTOR = YES;
				GCC_WARN_UNINITIALIZED_AUTOS = YES_AGGRESSIVE;
				GCC_WARN_UNUSED_FUNCTION = YES;
				GCC_WARN_UNUSED_VARIABLE = YES;
				IPHONEOS_DEPLOYMENT_TARGET = 16.1;
				MTL_ENABLE_DEBUG_INFO = NO;
				MTL_FAST_MATH = YES;
				SDKROOT = iphoneos;
				SWIFT_COMPILATION_MODE = wholemodule;
				SWIFT_OPTIMIZATION_LEVEL = "-O";
				VALIDATE_PRODUCT = YES;
			};
			name = Release;
		};
		F57B7C80291474FD00FAE8C1 /* Debug */ = {
			isa = XCBuildConfiguration;
			buildSettings = {
				ASSETCATALOG_COMPILER_APPICON_NAME = AppIcon;
				ASSETCATALOG_COMPILER_GLOBAL_ACCENT_COLOR_NAME = AccentColor;
				CODE_SIGN_STYLE = Automatic;
				CURRENT_PROJECT_VERSION = 1;
				DEVELOPMENT_ASSET_PATHS = "\"AllDone/Preview Content\"";
				DEVELOPMENT_TEAM = T7AM826QVT;
				ENABLE_PREVIEWS = YES;
				GENERATE_INFOPLIST_FILE = YES;
				INFOPLIST_KEY_UIApplicationSceneManifest_Generation = YES;
				INFOPLIST_KEY_UIApplicationSupportsIndirectInputEvents = YES;
				INFOPLIST_KEY_UILaunchScreen_Generation = YES;
				INFOPLIST_KEY_UISupportedInterfaceOrientations_iPad = "UIInterfaceOrientationPortrait UIInterfaceOrientationPortraitUpsideDown UIInterfaceOrientationLandscapeLeft UIInterfaceOrientationLandscapeRight";
				INFOPLIST_KEY_UISupportedInterfaceOrientations_iPhone = "UIInterfaceOrientationPortrait UIInterfaceOrientationLandscapeLeft UIInterfaceOrientationLandscapeRight";
				LD_RUNPATH_SEARCH_PATHS = (
					"$(inherited)",
					"@executable_path/Frameworks",
				);
				MARKETING_VERSION = 1.0;
				PRODUCT_BUNDLE_IDENTIFIER = com.reliabaility.AllDone;
				PRODUCT_NAME = "$(TARGET_NAME)";
				SWIFT_EMIT_LOC_STRINGS = YES;
				SWIFT_VERSION = 5.0;
				TARGETED_DEVICE_FAMILY = "1,2";
			};
			name = Debug;
		};
		F57B7C81291474FD00FAE8C1 /* Release */ = {
			isa = XCBuildConfiguration;
			buildSettings = {
				ASSETCATALOG_COMPILER_APPICON_NAME = AppIcon;
				ASSETCATALOG_COMPILER_GLOBAL_ACCENT_COLOR_NAME = AccentColor;
				CODE_SIGN_STYLE = Automatic;
				CURRENT_PROJECT_VERSION = 1;
				DEVELOPMENT_ASSET_PATHS = "\"AllDone/Preview Content\"";
				DEVELOPMENT_TEAM = T7AM826QVT;
				ENABLE_PREVIEWS = YES;
				GENERATE_INFOPLIST_FILE = YES;
				INFOPLIST_KEY_UIApplicationSceneManifest_Generation = YES;
				INFOPLIST_KEY_UIApplicationSupportsIndirectInputEvents = YES;
				INFOPLIST_KEY_UILaunchScreen_Generation = YES;
				INFOPLIST_KEY_UISupportedInterfaceOrientations_iPad = "UIInterfaceOrientationPortrait UIInterfaceOrientationPortraitUpsideDown UIInterfaceOrientationLandscapeLeft UIInterfaceOrientationLandscapeRight";
				INFOPLIST_KEY_UISupportedInterfaceOrientations_iPhone = "UIInterfaceOrientationPortrait UIInterfaceOrientationLandscapeLeft UIInterfaceOrientationLandscapeRight";
				LD_RUNPATH_SEARCH_PATHS = (
					"$(inherited)",
					"@executable_path/Frameworks",
				);
				MARKETING_VERSION = 1.0;
				PRODUCT_BUNDLE_IDENTIFIER = com.reliabaility.AllDone;
				PRODUCT_NAME = "$(TARGET_NAME)";
				SWIFT_EMIT_LOC_STRINGS = YES;
				SWIFT_VERSION = 5.0;
				TARGETED_DEVICE_FAMILY = "1,2";
			};
			name = Release;
		};
/* End XCBuildConfiguration section */

/* Begin XCConfigurationList section */
		F57B7C6C291474FC00FAE8C1 /* Build configuration list for PBXProject "AllDone" */ = {
			isa = XCConfigurationList;
			buildConfigurations = (
				F57B7C7D291474FD00FAE8C1 /* Debug */,
				F57B7C7E291474FD00FAE8C1 /* Release */,
			);
			defaultConfigurationIsVisible = 0;
			defaultConfigurationName = Release;
		};
		F57B7C7F291474FD00FAE8C1 /* Build configuration list for PBXNativeTarget "AllDone" */ = {
			isa = XCConfigurationList;
			buildConfigurations = (
				F57B7C80291474FD00FAE8C1 /* Debug */,
				F57B7C81291474FD00FAE8C1 /* Release */,
			);
			defaultConfigurationIsVisible = 0;
			defaultConfigurationName = Release;
		};
/* End XCConfigurationList section */
	};
	rootObject = F57B7C69291474FC00FAE8C1 /* Project object */;
}
